
Microsoft Visual Studio Solution File, Format Version 12.00
# Visual Studio Version 16
VisualStudioVersion = 16.0.30621.155
MinimumVisualStudioVersion = 10.0.40219.1
Project("{9092AA53-FB77-4645-B42D-1CCCA6BD08BD}") = "ExpressAppDemo1", "ExpressAppDemo1.njsproj", "{136CB1E0-D836-4E8F-80EC-BAF208D0E49B}"
EndProject
Global
	GlobalSection(SolutionConfigurationPlatforms) = preSolution
		Debug|Any CPU = Debug|Any CPU
		Release|Any CPU = Release|Any CPU
	EndGlobalSection
	GlobalSection(ProjectConfigurationPlatforms) = postSolution
		{136CB1E0-D836-4E8F-80EC-BAF208D0E49B}.Debug|Any CPU.ActiveCfg = Debug|Any CPU
		{136CB1E0-D836-4E8F-80EC-BAF208D0E49B}.Debug|Any CPU.Build.0 = Debug|Any CPU
		{136CB1E0-D836-4E8F-80EC-BAF208D0E49B}.Release|Any CPU.ActiveCfg = Release|Any CPU
		{136CB1E0-D836-4E8F-80EC-BAF208D0E49B}.Release|Any CPU.Build.0 = Release|Any CPU
	EndGlobalSection
	GlobalSection(SolutionProperties) = preSolution
		HideSolutionNode = FALSE
	EndGlobalSection
	GlobalSection(ExtensibilityGlobals) = postSolution
		SolutionGuid = {D0BD5477-2895-4E17-9A61-B390D7F96818}
	EndGlobalSection
EndGlobal
